
Microsoft Visual Studio Solution File, Format Version 12.00
# Visual Studio 14
VisualStudioVersion = 14.0.25420.1
MinimumVisualStudioVersion = 10.0.40219.1
Project("{FAE04EC0-301F-11D3-BF4B-00C04F79EFBC}") = "AjaxExample", "AjaxExample\AjaxExample.csproj", "{8714DFF2-9B69-403A-9ABB-B4877C213AE5}"
EndProject
Project("{FAE04EC0-301F-11D3-BF4B-00C04F79EFBC}") = "MVC.DAL", "MVC.DAL\MVC.DAL.csproj", "{C1B23633-1EA9-45F1-A437-AD0E905B5563}"
EndProject
Global
	GlobalSection(SolutionConfigurationPlatforms) = preSolution
		Debug|Any CPU = Debug|Any CPU
		Release|Any CPU = Release|Any CPU
	EndGlobalSection
	GlobalSection(ProjectConfigurationPlatforms) = postSolution
		{8714DFF2-9B69-403A-9ABB-B4877C213AE5}.Debug|Any CPU.ActiveCfg = Debug|Any CPU
		{8714DFF2-9B69-403A-9ABB-B4877C213AE5}.Debug|Any CPU.Build.0 = Debug|Any CPU
		{8714DFF2-9B69-403A-9ABB-B4877C213AE5}.Release|Any CPU.ActiveCfg = Release|Any CPU
		{8714DFF2-9B69-403A-9ABB-B4877C213AE5}.Release|Any CPU.Build.0 = Release|Any CPU
		{C1B23633-1EA9-45F1-A437-AD0E905B5563}.Debug|Any CPU.ActiveCfg = Debug|Any CPU
		{C1B23633-1EA9-45F1-A437-AD0E905B5563}.Debug|Any CPU.Build.0 = Debug|Any CPU
		{C1B23633-1EA9-45F1-A437-AD0E905B5563}.Release|Any CPU.ActiveCfg = Release|Any CPU
		{C1B23633-1EA9-45F1-A437-AD0E905B5563}.Release|Any CPU.Build.0 = Release|Any CPU
	EndGlobalSection
	GlobalSection(SolutionProperties) = preSolution
		HideSolutionNode = FALSE
	EndGlobalSection
EndGlobal
